
Microsoft Visual Studio Solution File, Format Version 11.00
# Visual Studio 2010
Project("{FAE04EC0-301F-11D3-BF4B-00C04F79EFBC}") = "UnityEngine.TestRunner", "UnityEngine.TestRunner.csproj", "{18567beb-4bec-86e3-69d3-262d55765835}"
EndProject
Project("{FAE04EC0-301F-11D3-BF4B-00C04F79EFBC}") = "Unity.Timeline", "Unity.Timeline.csproj", "{97e3f4fb-2b82-21f3-1c01-812681c57c12}"
EndProject
Project("{FAE04EC0-301F-11D3-BF4B-00C04F79EFBC}") = "UnityEngine.UI", "UnityEngine.UI.csproj", "{d5e220c0-a622-aca5-e272-2ded1274b300}"
EndProject
Project("{FAE04EC0-301F-11D3-BF4B-00C04F79EFBC}") = "Unity.TextMeshPro", "Unity.TextMeshPro.csproj", "{3dc2af35-d2dd-19f9-2618-7ac952adbe59}"
EndProject
Project("{FAE04EC0-301F-11D3-BF4B-00C04F79EFBC}") = "Assembly-CSharp", "Assembly-CSharp.csproj", "{6abaffdb-c525-830c-d2ac-dc020351c335}"
EndProject
Project("{FAE04EC0-301F-11D3-BF4B-00C04F79EFBC}") = "UnityEditor.TestRunner", "UnityEditor.TestRunner.csproj", "{e24e667c-8cd4-2736-f9c3-f64f98427e8a}"
EndProject
Project("{FAE04EC0-301F-11D3-BF4B-00C04F79EFBC}") = "Unity.PlasticSCM.Editor", "Unity.PlasticSCM.Editor.csproj", "{bf44ea51-0001-7cdf-c3f7-ad4c8c304367}"
EndProject
Project("{FAE04EC0-301F-11D3-BF4B-00C04F79EFBC}") = "UnityEditor.UI", "UnityEditor.UI.csproj", "{e78a7e30-2ae5-5f69-fc24-d967a90a5700}"
EndProject
Project("{FAE04EC0-301F-11D3-BF4B-00C04F79EFBC}") = "Unity.Timeline.Editor", "Unity.Timeline.Editor.csproj", "{e820a6ed-c675-49e7-1a19-07e0b465dfb5}"
EndProject
Project("{FAE04EC0-301F-11D3-BF4B-00C04F79EFBC}") = "Unity.VisualStudio.Editor", "Unity.VisualStudio.Editor.csproj", "{37233bea-1eb9-7d98-33b4-92ec98d4577a}"
EndProject
Project("{FAE04EC0-301F-11D3-BF4B-00C04F79EFBC}") = "Unity.TextMeshPro.Editor", "Unity.TextMeshPro.Editor.csproj", "{b1e71c34-2700-4908-4d96-5a4671c54894}"
EndProject
Project("{FAE04EC0-301F-11D3-BF4B-00C04F79EFBC}") = "Unity.CollabProxy.Editor", "Unity.CollabProxy.Editor.csproj", "{6ad47e19-ca03-c1a1-9478-7c8f64d5731d}"
EndProject
Project("{FAE04EC0-301F-11D3-BF4B-00C04F79EFBC}") = "Unity.Rider.Editor", "Unity.Rider.Editor.csproj", "{7cbcbfed-0164-e93c-2d97-b2febe25d6df}"
EndProject
Project("{FAE04EC0-301F-11D3-BF4B-00C04F79EFBC}") = "Unity.VSCode.Editor", "Unity.VSCode.Editor.csproj", "{723aee50-3a39-ebd3-7cc3-657c8beb0506}"
EndProject
Global
	GlobalSection(SolutionConfigurationPlatforms) = preSolution
		Debug|Any CPU = Debug|Any CPU
		Release|Any CPU = Release|Any CPU
	EndGlobalSection
	GlobalSection(ProjectConfigurationPlatforms) = postSolution
		{18567beb-4bec-86e3-69d3-262d55765835}.Debug|Any CPU.ActiveCfg = Debug|Any CPU
		{18567beb-4bec-86e3-69d3-262d55765835}.Debug|Any CPU.Build.0 = Debug|Any CPU
		{18567beb-4bec-86e3-69d3-262d55765835}.Release|Any CPU.ActiveCfg = Release|Any CPU
		{18567beb-4bec-86e3-69d3-262d55765835}.Release|Any CPU.Build.0 = Release|Any CPU
		{97e3f4fb-2b82-21f3-1c01-812681c57c12}.Debug|Any CPU.ActiveCfg = Debug|Any CPU
		{97e3f4fb-2b82-21f3-1c01-812681c57c12}.Debug|Any CPU.Build.0 = Debug|Any CPU
		{97e3f4fb-2b82-21f3-1c01-812681c57c12}.Release|Any CPU.ActiveCfg = Release|Any CPU
		{97e3f4fb-2b82-21f3-1c01-812681c57c12}.Release|Any CPU.Build.0 = Release|Any CPU
		{d5e220c0-a622-aca5-e272-2ded1274b300}.Debug|Any CPU.ActiveCfg = Debug|Any CPU
		{d5e220c0-a622-aca5-e272-2ded1274b300}.Debug|Any CPU.Build.0 = Debug|Any CPU
		{d5e220c0-a622-aca5-e272-2ded1274b300}.Release|Any CPU.ActiveCfg = Release|Any CPU
		{d5e220c0-a622-aca5-e272-2ded1274b300}.Release|Any CPU.Build.0 = Release|Any CPU
		{3dc2af35-d2dd-19f9-2618-7ac952adbe59}.Debug|Any CPU.ActiveCfg = Debug|Any CPU
		{3dc2af35-d2dd-19f9-2618-7ac952adbe59}.Debug|Any CPU.Build.0 = Debug|Any CPU
		{3dc2af35-d2dd-19f9-2618-7ac952adbe59}.Release|Any CPU.ActiveCfg = Release|Any CPU
		{3dc2af35-d2dd-19f9-2618-7ac952adbe59}.Release|Any CPU.Build.0 = Release|Any CPU
		{6abaffdb-c525-830c-d2ac-dc020351c335}.Debug|Any CPU.ActiveCfg = Debug|Any CPU
		{6abaffdb-c525-830c-d2ac-dc020351c335}.Debug|Any CPU.Build.0 = Debug|Any CPU
		{6abaffdb-c525-830c-d2ac-dc020351c335}.Release|Any CPU.ActiveCfg = Release|Any CPU
		{6abaffdb-c525-830c-d2ac-dc020351c335}.Release|Any CPU.Build.0 = Release|Any CPU
		{e24e667c-8cd4-2736-f9c3-f64f98427e8a}.Debug|Any CPU.ActiveCfg = Debug|Any CPU
		{e24e667c-8cd4-2736-f9c3-f64f98427e8a}.Debug|Any CPU.Build.0 = Debug|Any CPU
		{e24e667c-8cd4-2736-f9c3-f64f98427e8a}.Release|Any CPU.ActiveCfg = Release|Any CPU
		{e24e667c-8cd4-2736-f9c3-f64f98427e8a}.Release|Any CPU.Build.0 = Release|Any CPU
		{bf44ea51-0001-7cdf-c3f7-ad4c8c304367}.Debug|Any CPU.ActiveCfg = Debug|Any CPU
		{bf44ea51-0001-7cdf-c3f7-ad4c8c304367}.Debug|Any CPU.Build.0 = Debug|Any CPU
		{bf44ea51-0001-7cdf-c3f7-ad4c8c304367}.Release|Any CPU.ActiveCfg = Release|Any CPU
		{bf44ea51-0001-7cdf-c3f7-ad4c8c304367}.Release|Any CPU.Build.0 = Release|Any CPU
		{e78a7e30-2ae5-5f69-fc24-d967a90a5700}.Debug|Any CPU.ActiveCfg = Debug|Any CPU
		{e78a7e30-2ae5-5f69-fc24-d967a90a5700}.Debug|Any CPU.Build.0 = Debug|Any CPU
		{e78a7e30-2ae5-5f69-fc24-d967a90a5700}.Release|Any CPU.ActiveCfg = Release|Any CPU
		{e78a7e30-2ae5-5f69-fc24-d967a90a5700}.Release|Any CPU.Build.0 = Release|Any CPU
		{e820a6ed-c675-49e7-1a19-07e0b465dfb5}.Debug|Any CPU.ActiveCfg = Debug|Any CPU
		{e820a6ed-c675-49e7-1a19-07e0b465dfb5}.Debug|Any CPU.Build.0 = Debug|Any CPU
		{e820a6ed-c675-49e7-1a19-07e0b465dfb5}.Release|Any CPU.ActiveCfg = Release|Any CPU
		{e820a6ed-c675-49e7-1a19-07e0b465dfb5}.Release|Any CPU.Build.0 = Release|Any CPU
		{37233bea-1eb9-7d98-33b4-92ec98d4577a}.Debug|Any CPU.ActiveCfg = Debug|Any CPU
		{37233bea-1eb9-7d98-33b4-92ec98d4577a}.Debug|Any CPU.Build.0 = Debug|Any CPU
		{37233bea-1eb9-7d98-33b4-92ec98d4577a}.Release|Any CPU.ActiveCfg = Release|Any CPU
		{37233bea-1eb9-7d98-33b4-92ec98d4577a}.Release|Any CPU.Build.0 = Release|Any CPU
		{b1e71c34-2700-4908-4d96-5a4671c54894}.Debug|Any CPU.ActiveCfg = Debug|Any CPU
		{b1e71c34-2700-4908-4d96-5a4671c54894}.Debug|Any CPU.Build.0 = Debug|Any CPU
		{b1e71c34-2700-4908-4d96-5a4671c54894}.Release|Any CPU.ActiveCfg = Release|Any CPU
		{b1e71c34-2700-4908-4d96-5a4671c54894}.Release|Any CPU.Build.0 = Release|Any CPU
		{6ad47e19-ca03-c1a1-9478-7c8f64d5731d}.Debug|Any CPU.ActiveCfg = Debug|Any CPU
		{6ad47e19-ca03-c1a1-9478-7c8f64d5731d}.Debug|Any CPU.Build.0 = Debug|Any CPU
		{6ad47e19-ca03-c1a1-9478-7c8f64d5731d}.Release|Any CPU.ActiveCfg = Release|Any CPU
		{6ad47e19-ca03-c1a1-9478-7c8f64d5731d}.Release|Any CPU.Build.0 = Release|Any CPU
		{7cbcbfed-0164-e93c-2d97-b2febe25d6df}.Debug|Any CPU.ActiveCfg = Debug|Any CPU
		{7cbcbfed-0164-e93c-2d97-b2febe25d6df}.Debug|Any CPU.Build.0 = Debug|Any CPU
		{7cbcbfed-0164-e93c-2d97-b2febe25d6df}.Release|Any CPU.ActiveCfg = Release|Any CPU
		{7cbcbfed-0164-e93c-2d97-b2febe25d6df}.Release|Any CPU.Build.0 = Release|Any CPU
		{723aee50-3a39-ebd3-7cc3-657c8beb0506}.Debug|Any CPU.ActiveCfg = Debug|Any CPU
		{723aee50-3a39-ebd3-7cc3-657c8beb0506}.Debug|Any CPU.Build.0 = Debug|Any CPU
		{723aee50-3a39-ebd3-7cc3-657c8beb0506}.Release|Any CPU.ActiveCfg = Release|Any CPU
		{723aee50-3a39-ebd3-7cc3-657c8beb0506}.Release|Any CPU.Build.0 = Release|Any CPU
	EndGlobalSection
	GlobalSection(SolutionProperties) = preSolution
		HideSolutionNode = FALSE
	EndGlobalSection
EndGlobal
